<?xml version="1.0" encoding="UTF-8"?>
<Scheme
   LastUpgradeVersion = "0450"
   version = "1.3">
   <BuildAction
      parallelizeBuildables = "YES"
      buildImplicitDependencies = "YES">
      <BuildActionEntries>
         <BuildActionEntry
            buildForTesting = "YES"
            buildForRunning = "YES"
            buildForProfiling = "YES"
            buildForArchiving = "YES"
            buildForAnalyzing = "YES">
            <BuildableReference
               BuildableIdentifier = "primary"
               BlueprintIdentifier = "EB32E9F3157FA159002F3FFB"
               BuildableName = "predicthmm"
               BlueprintName = "predicthmm"
               ReferencedContainer = "container:HMM.xcodeproj">
            </BuildableReference>
         </BuildActionEntry>
      </BuildActionEntries>
   </BuildAction>
   <TestAction
      selectedDebuggerIdentifier = "Xcode.DebuggerFoundation.Debugger.LLDB"
      selectedLauncherIdentifier = "Xcode.DebuggerFoundation.Launcher.LLDB"
      shouldUseLaunchSchemeArgsEnv = "YES"
      buildConfiguration = "Debug">
      <Testables>
      </Testables>
      <MacroExpansion>
         <BuildableReference
            BuildableIdentifier = "primary"
            BlueprintIdentifier = "EB32E9F3157FA159002F3FFB"
            BuildableName = "predicthmm"
            BlueprintName = "predicthmm"
            ReferencedContainer = "container:HMM.xcodeproj">
         </BuildableReference>
      </MacroExpansion>
   </TestAction>
   <LaunchAction
      selectedDebuggerIdentifier = "Xcode.DebuggerFoundation.Debugger.LLDB"
      selectedLauncherIdentifier = "Xcode.DebuggerFoundation.Launcher.LLDB"
      launchStyle = "0"
      useCustomWorkingDirectory = "YES"
      customWorkingDirectory = "/Users/myudelson/Documents/hcii/HMM"
      buildConfiguration = "Debug"
      ignoresPersistentStateOnLaunch = "NO"
      debugDocumentVersioning = "YES"
      allowLocationSimulation = "YES">
      <BuildableProductRunnable>
         <BuildableReference
            BuildableIdentifier = "primary"
            BlueprintIdentifier = "EB32E9F3157FA159002F3FFB"
            BuildableName = "predicthmm"
            BlueprintName = "predicthmm"
            ReferencedContainer = "container:HMM.xcodeproj">
         </BuildableReference>
      </BuildableProductRunnable>
      <CommandLineArguments>
         <CommandLineArgument
            argument = "-p"
            isEnabled = "YES">
         </CommandLineArgument>
         <CommandLineArgument
            argument = "1"
            isEnabled = "YES">
         </CommandLineArgument>
         <CommandLineArgument
            argument = "-d"
            isEnabled = "YES">
         </CommandLineArgument>
         <CommandLineArgument
            argument = "~"
            isEnabled = "YES">
         </CommandLineArgument>
         <CommandLineArgument
            argument = "toy_data_test.txt"
            isEnabled = "NO">
         </CommandLineArgument>
         <CommandLineArgument
            argument = "model.txt"
            isEnabled = "NO">
         </CommandLineArgument>
         <CommandLineArgument
            argument = "predictP.txt"
            isEnabled = "NO">
         </CommandLineArgument>
         <CommandLineArgument
            argument = "uopx_hmm_uskts.txt"
            isEnabled = "YES">
         </CommandLineArgument>
         <CommandLineArgument
            argument = "uopx_CLI_model.txt"
            isEnabled = "YES">
         </CommandLineArgument>
         <CommandLineArgument
            argument = "uopx_model_uskts_multi.txt"
            isEnabled = "NO">
         </CommandLineArgument>
         <CommandLineArgument
            argument = "uopx_predictP.txt"
            isEnabled = "YES">
         </CommandLineArgument>
         <CommandLineArgument
            argument = "data/a89_kts_train.txt"
            isEnabled = "NO">
         </CommandLineArgument>
         <CommandLineArgument
            argument = "a89_kts_model_CLIdelim.txt"
            isEnabled = "NO">
         </CommandLineArgument>
         <CommandLineArgument
            argument = "a89_ukts_train.txt"
            isEnabled = "NO">
         </CommandLineArgument>
         <CommandLineArgument
            argument = "a89_ukts_CLIdelim_model.txt"
            isEnabled = "NO">
         </CommandLineArgument>
         <CommandLineArgument
            argument = "a89_uskts_train.txt"
            isEnabled = "NO">
         </CommandLineArgument>
         <CommandLineArgument
            argument = "a89_uskts_CLIdelim_model.txt"
            isEnabled = "NO">
         </CommandLineArgument>
         <CommandLineArgument
            argument = "b89_kts_train.txt"
            isEnabled = "NO">
         </CommandLineArgument>
         <CommandLineArgument
            argument = "b89_kts_CLIdelim_model.txt"
            isEnabled = "NO">
         </CommandLineArgument>
         <CommandLineArgument
            argument = "b89_ukts_train.txt"
            isEnabled = "NO">
         </CommandLineArgument>
         <CommandLineArgument
            argument = "b89_ukts_CLIdelim_model.txt"
            isEnabled = "NO">
         </CommandLineArgument>
         <CommandLineArgument
            argument = "b89_uskts_train.txt"
            isEnabled = "NO">
         </CommandLineArgument>
         <CommandLineArgument
            argument = "b89_uskts_CLIdelim_model.txt"
            isEnabled = "NO">
         </CommandLineArgument>
      </CommandLineArguments>
      <AdditionalOptions>
      </AdditionalOptions>
   </LaunchAction>
   <ProfileAction
      shouldUseLaunchSchemeArgsEnv = "YES"
      savedToolIdentifier = ""
      useCustomWorkingDirectory = "NO"
      buildConfiguration = "Release"
      debugDocumentVersioning = "YES">
      <BuildableProductRunnable>
         <BuildableReference
            BuildableIdentifier = "primary"
            BlueprintIdentifier = "EB32E9F3157FA159002F3FFB"
            BuildableName = "predicthmm"
            BlueprintName = "predicthmm"
            ReferencedContainer = "container:HMM.xcodeproj">
         </BuildableReference>
      </BuildableProductRunnable>
   </ProfileAction>
   <AnalyzeAction
      buildConfiguration = "Debug">
   </AnalyzeAction>
   <ArchiveAction
      buildConfiguration = "Release"
      revealArchiveInOrganizer = "YES">
   </ArchiveAction>
</Scheme>
