<?xml version="1.0" encoding="UTF-8"?>
<Scheme
   LastUpgradeVersion = "0500"
   version = "1.3">
   <BuildAction
      parallelizeBuildables = "YES"
      buildImplicitDependencies = "YES">
      <BuildActionEntries>
         <BuildActionEntry
            buildForTesting = "YES"
            buildForRunning = "YES"
            buildForProfiling = "YES"
            buildForArchiving = "YES"
            buildForAnalyzing = "YES">
            <BuildableReference
               BuildableIdentifier = "primary"
               BlueprintIdentifier = "EB9B4C261559708F00E21593"
               BuildableName = "trainhmm"
               BlueprintName = "trainhmm"
               ReferencedContainer = "container:HMM.xcodeproj">
            </BuildableReference>
         </BuildActionEntry>
      </BuildActionEntries>
   </BuildAction>
   <TestAction
      selectedDebuggerIdentifier = "Xcode.DebuggerFoundation.Debugger.LLDB"
      selectedLauncherIdentifier = "Xcode.DebuggerFoundation.Launcher.LLDB"
      shouldUseLaunchSchemeArgsEnv = "YES"
      buildConfiguration = "Debug">
      <Testables>
      </Testables>
      <MacroExpansion>
         <BuildableReference
            BuildableIdentifier = "primary"
            BlueprintIdentifier = "EB9B4C261559708F00E21593"
            BuildableName = "trainhmm"
            BlueprintName = "trainhmm"
            ReferencedContainer = "container:HMM.xcodeproj">
         </BuildableReference>
      </MacroExpansion>
   </TestAction>
   <LaunchAction
      selectedDebuggerIdentifier = "Xcode.DebuggerFoundation.Debugger.LLDB"
      selectedLauncherIdentifier = "Xcode.DebuggerFoundation.Launcher.LLDB"
      launchStyle = "0"
      useCustomWorkingDirectory = "YES"
      customWorkingDirectory = "/Users/myudelson/Documents/hcii/HMM"
      buildConfiguration = "Debug"
      ignoresPersistentStateOnLaunch = "NO"
      debugDocumentVersioning = "YES"
      allowLocationSimulation = "YES">
      <BuildableProductRunnable>
         <BuildableReference
            BuildableIdentifier = "primary"
            BlueprintIdentifier = "EB9B4C261559708F00E21593"
            BuildableName = "trainhmm"
            BlueprintName = "trainhmm"
            ReferencedContainer = "container:HMM.xcodeproj">
         </BuildableReference>
      </BuildableProductRunnable>
      <CommandLineArguments>
         <CommandLineArgument
            argument = "-s"
            isEnabled = "YES">
         </CommandLineArgument>
         <CommandLineArgument
            argument = "1.1"
            isEnabled = "YES">
         </CommandLineArgument>
         <CommandLineArgument
            argument = "-m"
            isEnabled = "YES">
         </CommandLineArgument>
         <CommandLineArgument
            argument = "1"
            isEnabled = "YES">
         </CommandLineArgument>
         <CommandLineArgument
            argument = "-p"
            isEnabled = "YES">
         </CommandLineArgument>
         <CommandLineArgument
            argument = "1"
            isEnabled = "YES">
         </CommandLineArgument>
         <CommandLineArgument
            argument = "-0"
            isEnabled = "NO">
         </CommandLineArgument>
         <CommandLineArgument
            argument = "0.51316,0.47468,0.51656,0.03735,0.03408,0.03455,0.03828,0.03782,0.03922,0.03688,0.03408,0.03875,0.04062,0.03735,0.03968,0.03548,0.03735,0.04062,0.03595,0.03641,0.03408,0.04062,0.03548,0.03922,0.04062,0.03455,0.03595,0.03408,0.03408,0.03909,0.03537,0.03537,0.03909,0.03583,0.0363,0.04048,0.03537,0.03816,0.03909,0.0349,0.03723,0.03537,0.03909,0.03397,0.03397,0.03816,0.03676,0.04048,0.03443,0.03537,0.03955,0.03816,0.03723,0.03769,0.03955"
            isEnabled = "NO">
         </CommandLineArgument>
         <CommandLineArgument
            argument = "monet208/monet208_usktsCLI_model_shrt.txt"
            isEnabled = "NO">
         </CommandLineArgument>
         <CommandLineArgument
            argument = "0.5,1.0,0.4,0.8,0.2"
            isEnabled = "NO">
         </CommandLineArgument>
         <CommandLineArgument
            argument = "uopx_CLI_model_shrt.txt"
            isEnabled = "NO">
         </CommandLineArgument>
         <CommandLineArgument
            argument = "uopx_model208_uskts_pLoLLstart.txt"
            isEnabled = "NO">
         </CommandLineArgument>
         <CommandLineArgument
            argument = "a89_model_irt_start.txt"
            isEnabled = "NO">
         </CommandLineArgument>
         <CommandLineArgument
            argument = "-r"
            isEnabled = "NO">
         </CommandLineArgument>
         <CommandLineArgument
            argument = "4,3"
            isEnabled = "NO">
         </CommandLineArgument>
         <CommandLineArgument
            argument = "-e"
            isEnabled = "NO">
         </CommandLineArgument>
         <CommandLineArgument
            argument = "0.01"
            isEnabled = "NO">
         </CommandLineArgument>
         <CommandLineArgument
            argument = "0.000000001"
            isEnabled = "NO">
         </CommandLineArgument>
         <CommandLineArgument
            argument = "-v"
            isEnabled = "NO">
         </CommandLineArgument>
         <CommandLineArgument
            argument = "5"
            isEnabled = "NO">
         </CommandLineArgument>
         <CommandLineArgument
            argument = "-q"
            isEnabled = "NO">
         </CommandLineArgument>
         <CommandLineArgument
            argument = "1"
            isEnabled = "NO">
         </CommandLineArgument>
         <CommandLineArgument
            argument = "-c"
            isEnabled = "NO">
         </CommandLineArgument>
         <CommandLineArgument
            argument = "4"
            isEnabled = "NO">
         </CommandLineArgument>
         <CommandLineArgument
            argument = "-f"
            isEnabled = "NO">
         </CommandLineArgument>
         <CommandLineArgument
            argument = "1"
            isEnabled = "NO">
         </CommandLineArgument>
         <CommandLineArgument
            argument = "-b"
            isEnabled = "NO">
         </CommandLineArgument>
         <CommandLineArgument
            argument = "1"
            isEnabled = "NO">
         </CommandLineArgument>
         <CommandLineArgument
            argument = "-d"
            isEnabled = "NO">
         </CommandLineArgument>
         <CommandLineArgument
            argument = "~"
            isEnabled = "NO">
         </CommandLineArgument>
         <CommandLineArgument
            argument = "-B"
            isEnabled = "NO">
         </CommandLineArgument>
         <CommandLineArgument
            argument = "1,0,0"
            isEnabled = "NO">
         </CommandLineArgument>
         <CommandLineArgument
            argument = "-l"
            isEnabled = "NO">
         </CommandLineArgument>
         <CommandLineArgument
            argument = "0,0,0,0,0,0,0,0,0,0,0,0,0,0,0,0,0,0,0,0,0,0,0,0,0,0,0,0,0,0,0,0,0,0,0,0,0,0,0,0,0,0,0,0,0,0,0,0,0,0,0,0,0,0,0,0,0,0,0,0"
            isEnabled = "NO">
         </CommandLineArgument>
         <CommandLineArgument
            argument = "-u"
            isEnabled = "NO">
         </CommandLineArgument>
         <CommandLineArgument
            argument = "1,1,1,1,1,1,1,1,1,1,1,1,1,1,1,1,1,1,1,1,1,1,1,1,1,1,1,1,1,1,1,1,1,1,1,1,1,1,1,1,1,1,1,1,1,1,1,1,1,1,1,1,1,1,1,1,1,1,1,1"
            isEnabled = "NO">
         </CommandLineArgument>
         <CommandLineArgument
            argument = "a89_kts_train.txt"
            isEnabled = "NO">
         </CommandLineArgument>
         <CommandLineArgument
            argument = "a89_kts_train_time.txt"
            isEnabled = "NO">
         </CommandLineArgument>
         <CommandLineArgument
            argument = "a89_kts_time_train.txt"
            isEnabled = "NO">
         </CommandLineArgument>
         <CommandLineArgument
            argument = "a89_uskts_time_train.txt"
            isEnabled = "NO">
         </CommandLineArgument>
         <CommandLineArgument
            argument = "a89_kts_modelDelim.txt"
            isEnabled = "NO">
         </CommandLineArgument>
         <CommandLineArgument
            argument = "a89_kts_model.txt"
            isEnabled = "NO">
         </CommandLineArgument>
         <CommandLineArgument
            argument = "uopx_hmmALL_uskts_multi.bin"
            isEnabled = "NO">
         </CommandLineArgument>
         <CommandLineArgument
            argument = "uopx_hmm116208_uskts_multi.bin"
            isEnabled = "NO">
         </CommandLineArgument>
         <CommandLineArgument
            argument = "uopx_hmm116_uskts_multi.bin"
            isEnabled = "NO">
         </CommandLineArgument>
         <CommandLineArgument
            argument = "uopx_hmm208_uskts_multi.bin"
            isEnabled = "NO">
         </CommandLineArgument>
         <CommandLineArgument
            argument = "a89_hmm_uskts_train.txt"
            isEnabled = "NO">
         </CommandLineArgument>
         <CommandLineArgument
            argument = "a89_hmm_uskts_multi.bin"
            isEnabled = "NO">
         </CommandLineArgument>
         <CommandLineArgument
            argument = "SSSS_76_471.txt"
            isEnabled = "YES">
         </CommandLineArgument>
         <CommandLineArgument
            argument = "cgowwardallmm_1_1f.txt"
            isEnabled = "NO">
         </CommandLineArgument>
         <CommandLineArgument
            argument = "student_step_originalKC_geometry.txt"
            isEnabled = "NO">
         </CommandLineArgument>
         <CommandLineArgument
            argument = "/Users/myudelson/Downloads/A01_05_t50k_hmm.txt"
            isEnabled = "NO">
         </CommandLineArgument>
         <CommandLineArgument
            argument = "monet208/monet208_hmm_uskts.bin"
            isEnabled = "NO">
         </CommandLineArgument>
         <CommandLineArgument
            argument = "&quot;allen park shs-48101.txt&quot;"
            isEnabled = "NO">
         </CommandLineArgument>
         <CommandLineArgument
            argument = "cli10_hmm_uskts_multi.bin"
            isEnabled = "NO">
         </CommandLineArgument>
         <CommandLineArgument
            argument = "cli10_hmm_usktsSuburb_muti.bin"
            isEnabled = "NO">
         </CommandLineArgument>
         <CommandLineArgument
            argument = "uopx_model_uskts_multi1.2.txt"
            isEnabled = "NO">
         </CommandLineArgument>
         <CommandLineArgument
            argument = "opx_modelALL_uskts_multi1.2pLoLL.txt"
            isEnabled = "NO">
         </CommandLineArgument>
         <CommandLineArgument
            argument = "a89_model_uskts_multi1.2.txt"
            isEnabled = "NO">
         </CommandLineArgument>
         <CommandLineArgument
            argument = "a89_model_uskts_multi1.2pLoIRTfx.txt"
            isEnabled = "NO">
         </CommandLineArgument>
         <CommandLineArgument
            argument = "a89_model_uskts_multi10.2.txt"
            isEnabled = "NO">
         </CommandLineArgument>
         <CommandLineArgument
            argument = "uopx_predictT.txt"
            isEnabled = "NO">
         </CommandLineArgument>
         <CommandLineArgument
            argument = "toy_data.txt"
            isEnabled = "NO">
         </CommandLineArgument>
         <CommandLineArgument
            argument = "cli10_uskts_multi.bin"
            isEnabled = "NO">
         </CommandLineArgument>
         <CommandLineArgument
            argument = "model.txt"
            isEnabled = "NO">
         </CommandLineArgument>
         <CommandLineArgument
            argument = "monet208/monet208_uskts_model_multi1.2CLI.txt"
            isEnabled = "NO">
         </CommandLineArgument>
         <CommandLineArgument
            argument = "cli10_model_uskts_1.2.txt"
            isEnabled = "NO">
         </CommandLineArgument>
         <CommandLineArgument
            argument = "cli10_model_usktsSuburb_1.2.txt"
            isEnabled = "NO">
         </CommandLineArgument>
         <CommandLineArgument
            argument = "cgowwardallmm_1_1f_model.txt"
            isEnabled = "NO">
         </CommandLineArgument>
         <CommandLineArgument
            argument = "predictT.txt"
            isEnabled = "NO">
         </CommandLineArgument>
         <CommandLineArgument
            argument = "a89_hmm_uskts_multi.bin"
            isEnabled = "NO">
         </CommandLineArgument>
      </CommandLineArguments>
      <AdditionalOptions>
      </AdditionalOptions>
   </LaunchAction>
   <ProfileAction
      shouldUseLaunchSchemeArgsEnv = "YES"
      savedToolIdentifier = ""
      useCustomWorkingDirectory = "NO"
      buildConfiguration = "Release"
      debugDocumentVersioning = "YES">
      <BuildableProductRunnable>
         <BuildableReference
            BuildableIdentifier = "primary"
            BlueprintIdentifier = "EB9B4C261559708F00E21593"
            BuildableName = "trainhmm"
            BlueprintName = "trainhmm"
            ReferencedContainer = "container:HMM.xcodeproj">
         </BuildableReference>
      </BuildableProductRunnable>
   </ProfileAction>
   <AnalyzeAction
      buildConfiguration = "Debug">
   </AnalyzeAction>
   <ArchiveAction
      buildConfiguration = "Release"
      revealArchiveInOrganizer = "YES">
   </ArchiveAction>
</Scheme>
