<?xml version="1.0" encoding="UTF-8"?>
<Scheme
   LastUpgradeVersion = "0450"
   version = "1.3">
   <BuildAction
      parallelizeBuildables = "YES"
      buildImplicitDependencies = "YES">
      <BuildActionEntries>
         <BuildActionEntry
            buildForTesting = "YES"
            buildForRunning = "YES"
            buildForProfiling = "YES"
            buildForArchiving = "YES"
            buildForAnalyzing = "YES">
            <BuildableReference
               BuildableIdentifier = "primary"
               BlueprintIdentifier = "EB9B4C261559708F00E21593"
               BuildableName = "trainhmm"
               BlueprintName = "trainhmm"
               ReferencedContainer = "container:HMM.xcodeproj">
            </BuildableReference>
         </BuildActionEntry>
      </BuildActionEntries>
   </BuildAction>
   <TestAction
      selectedDebuggerIdentifier = "Xcode.DebuggerFoundation.Debugger.LLDB"
      selectedLauncherIdentifier = "Xcode.DebuggerFoundation.Launcher.LLDB"
      shouldUseLaunchSchemeArgsEnv = "YES"
      buildConfiguration = "Debug">
      <Testables>
      </Testables>
      <MacroExpansion>
         <BuildableReference
            BuildableIdentifier = "primary"
            BlueprintIdentifier = "EB9B4C261559708F00E21593"
            BuildableName = "trainhmm"
            BlueprintName = "trainhmm"
            ReferencedContainer = "container:HMM.xcodeproj">
         </BuildableReference>
      </MacroExpansion>
   </TestAction>
   <LaunchAction
      selectedDebuggerIdentifier = "Xcode.DebuggerFoundation.Debugger.LLDB"
      selectedLauncherIdentifier = "Xcode.DebuggerFoundation.Launcher.LLDB"
      launchStyle = "0"
      useCustomWorkingDirectory = "YES"
      customWorkingDirectory = "/Users/yudelson/Documents/HMM"
      buildConfiguration = "Debug"
      ignoresPersistentStateOnLaunch = "NO"
      debugDocumentVersioning = "YES"
      allowLocationSimulation = "YES">
      <BuildableProductRunnable>
         <BuildableReference
            BuildableIdentifier = "primary"
            BlueprintIdentifier = "EB9B4C261559708F00E21593"
            BuildableName = "trainhmm"
            BlueprintName = "trainhmm"
            ReferencedContainer = "container:HMM.xcodeproj">
         </BuildableReference>
      </BuildableProductRunnable>
      <CommandLineArguments>
         <CommandLineArgument
            argument = "-s"
            isEnabled = "YES">
         </CommandLineArgument>
         <CommandLineArgument
            argument = "4.2"
            isEnabled = "YES">
         </CommandLineArgument>
         <CommandLineArgument
            argument = "-i"
            isEnabled = "NO">
         </CommandLineArgument>
         <CommandLineArgument
            argument = "400"
            isEnabled = "NO">
         </CommandLineArgument>
         <CommandLineArgument
            argument = "-0"
            isEnabled = "NO">
         </CommandLineArgument>
         <CommandLineArgument
            argument = "0.5,1.0,0.4,0.8,0.2"
            isEnabled = "NO">
         </CommandLineArgument>
         <CommandLineArgument
            argument = "0.5738,1.0,0.09,0.08,0.09"
            isEnabled = "NO">
         </CommandLineArgument>
         <CommandLineArgument
            argument = "-l"
            isEnabled = "NO">
         </CommandLineArgument>
         <CommandLineArgument
            argument = "0,0,1,0,0,0,0,0,0,0"
            isEnabled = "NO">
         </CommandLineArgument>
         <CommandLineArgument
            argument = "-u"
            isEnabled = "NO">
         </CommandLineArgument>
         <CommandLineArgument
            argument = "1,1,1,0,1,1,1,0.3,0.3,1"
            isEnabled = "NO">
         </CommandLineArgument>
         <CommandLineArgument
            argument = "1,1,1,0,1,1,1,1,1,1"
            isEnabled = "NO">
         </CommandLineArgument>
         <CommandLineArgument
            argument = "-t"
            isEnabled = "YES">
         </CommandLineArgument>
         <CommandLineArgument
            argument = "0.001"
            isEnabled = "YES">
         </CommandLineArgument>
         <CommandLineArgument
            argument = "-f"
            isEnabled = "NO">
         </CommandLineArgument>
         <CommandLineArgument
            argument = "1"
            isEnabled = "NO">
         </CommandLineArgument>
         <CommandLineArgument
            argument = "-q"
            isEnabled = "NO">
         </CommandLineArgument>
         <CommandLineArgument
            argument = "0"
            isEnabled = "NO">
         </CommandLineArgument>
         <CommandLineArgument
            argument = "-m"
            isEnabled = "YES">
         </CommandLineArgument>
         <CommandLineArgument
            argument = "1"
            isEnabled = "YES">
         </CommandLineArgument>
         <CommandLineArgument
            argument = "-v"
            isEnabled = "NO">
         </CommandLineArgument>
         <CommandLineArgument
            argument = "10,filename.txt"
            isEnabled = "NO">
         </CommandLineArgument>
         <CommandLineArgument
            argument = "-p"
            isEnabled = "YES">
         </CommandLineArgument>
         <CommandLineArgument
            argument = "1"
            isEnabled = "YES">
         </CommandLineArgument>
         <CommandLineArgument
            argument = "-c"
            isEnabled = "NO">
         </CommandLineArgument>
         <CommandLineArgument
            argument = "0"
            isEnabled = "NO">
         </CommandLineArgument>
         <CommandLineArgument
            argument = "-d"
            isEnabled = "YES">
         </CommandLineArgument>
         <CommandLineArgument
            argument = "~"
            isEnabled = "YES">
         </CommandLineArgument>
         <CommandLineArgument
            argument = "-r"
            isEnabled = "NO">
         </CommandLineArgument>
         <CommandLineArgument
            argument = "0,2"
            isEnabled = "NO">
         </CommandLineArgument>
         <CommandLineArgument
            argument = "-f"
            isEnabled = "NO">
         </CommandLineArgument>
         <CommandLineArgument
            argument = "2"
            isEnabled = "NO">
         </CommandLineArgument>
         <CommandLineArgument
            argument = "a89_kts_train.txt"
            isEnabled = "YES">
         </CommandLineArgument>
         <CommandLineArgument
            argument = "a89_kts_model_p12.txt"
            isEnabled = "YES">
         </CommandLineArgument>
         <CommandLineArgument
            argument = "a89_kts_predict.txt"
            isEnabled = "NO">
         </CommandLineArgument>
         <CommandLineArgument
            argument = "a89_ss_train.txt"
            isEnabled = "NO">
         </CommandLineArgument>
         <CommandLineArgument
            argument = "a89_ss_model.txt"
            isEnabled = "NO">
         </CommandLineArgument>
         <CommandLineArgument
            argument = "a89_Ukts_train.txt"
            isEnabled = "NO">
         </CommandLineArgument>
         <CommandLineArgument
            argument = "a89_Ukts_model.txt"
            isEnabled = "NO">
         </CommandLineArgument>
         <CommandLineArgument
            argument = "a89_Uss_train.txt"
            isEnabled = "NO">
         </CommandLineArgument>
         <CommandLineArgument
            argument = "a89_Uss_model.txt"
            isEnabled = "NO">
         </CommandLineArgument>
         <CommandLineArgument
            argument = "bta89_kts_train.txt"
            isEnabled = "NO">
         </CommandLineArgument>
         <CommandLineArgument
            argument = "bta89_kts_model.txt"
            isEnabled = "NO">
         </CommandLineArgument>
         <CommandLineArgument
            argument = "bta89_kts_predict.txt"
            isEnabled = "NO">
         </CommandLineArgument>
         <CommandLineArgument
            argument = "bta89_ss_train.txt"
            isEnabled = "NO">
         </CommandLineArgument>
         <CommandLineArgument
            argument = "bta89_ss_model.txt"
            isEnabled = "NO">
         </CommandLineArgument>
         <CommandLineArgument
            argument = "bta89_Ukts_train.txt"
            isEnabled = "NO">
         </CommandLineArgument>
         <CommandLineArgument
            argument = "bta89_Ukts_model.txt"
            isEnabled = "NO">
         </CommandLineArgument>
         <CommandLineArgument
            argument = "bta89_Uss_train.txt"
            isEnabled = "NO">
         </CommandLineArgument>
         <CommandLineArgument
            argument = "bta89_Uss_model.txt"
            isEnabled = "NO">
         </CommandLineArgument>
         <CommandLineArgument
            argument = "ds445_BenchUnitClickType.txt"
            isEnabled = "NO">
         </CommandLineArgument>
         <CommandLineArgument
            argument = "ds445_model.txt"
            isEnabled = "NO">
         </CommandLineArgument>
         <CommandLineArgument
            argument = "ds392_KTracedSkills_train.txt"
            isEnabled = "NO">
         </CommandLineArgument>
         <CommandLineArgument
            argument = "ds392_model.txt"
            isEnabled = "NO">
         </CommandLineArgument>
         <CommandLineArgument
            argument = "t_train.txt"
            isEnabled = "NO">
         </CommandLineArgument>
         <CommandLineArgument
            argument = "t_model.txt"
            isEnabled = "NO">
         </CommandLineArgument>
         <CommandLineArgument
            argument = "/Users/yudelson/Documents/hcii/DataShop/data/data4hmm/ds313_0806_etg-htg__4hmm.txt"
            isEnabled = "NO">
         </CommandLineArgument>
         <CommandLineArgument
            argument = "m.txt"
            isEnabled = "NO">
         </CommandLineArgument>
      </CommandLineArguments>
      <AdditionalOptions>
      </AdditionalOptions>
   </LaunchAction>
   <ProfileAction
      shouldUseLaunchSchemeArgsEnv = "YES"
      savedToolIdentifier = ""
      useCustomWorkingDirectory = "YES"
      customWorkingDirectory = "/Users/yudelson/Documents/HMM"
      buildConfiguration = "Release"
      debugDocumentVersioning = "YES">
      <BuildableProductRunnable>
         <BuildableReference
            BuildableIdentifier = "primary"
            BlueprintIdentifier = "EB9B4C261559708F00E21593"
            BuildableName = "trainhmm"
            BlueprintName = "trainhmm"
            ReferencedContainer = "container:HMM.xcodeproj">
         </BuildableReference>
      </BuildableProductRunnable>
   </ProfileAction>
   <AnalyzeAction
      buildConfiguration = "Debug">
   </AnalyzeAction>
   <ArchiveAction
      buildConfiguration = "Release"
      revealArchiveInOrganizer = "YES">
   </ArchiveAction>
</Scheme>
