<?xml version="1.0" encoding="UTF-8"?>
<Scheme
   LastUpgradeVersion = "1220"
   version = "1.7">
   <BuildAction
      parallelizeBuildables = "YES"
      buildImplicitDependencies = "YES">
      <BuildActionEntries>
         <BuildActionEntry
            buildForTesting = "YES"
            buildForRunning = "YES"
            buildForProfiling = "YES"
            buildForArchiving = "YES"
            buildForAnalyzing = "YES">
            <BuildableReference
               BuildableIdentifier = "primary"
               BlueprintIdentifier = "71C4F31523CFB648006A8DDD"
               BuildableName = "trainhmmst"
               BlueprintName = "trainhmmst"
               ReferencedContainer = "container:HMM.xcodeproj">
            </BuildableReference>
         </BuildActionEntry>
      </BuildActionEntries>
   </BuildAction>
   <TestAction
      buildConfiguration = "Debug"
      selectedDebuggerIdentifier = "Xcode.DebuggerFoundation.Debugger.LLDB"
      selectedLauncherIdentifier = "Xcode.DebuggerFoundation.Launcher.LLDB"
      shouldUseLaunchSchemeArgsEnv = "YES">
      <Testables>
      </Testables>
   </TestAction>
   <LaunchAction
      buildConfiguration = "Debug"
      selectedDebuggerIdentifier = "Xcode.DebuggerFoundation.Debugger.LLDB"
      selectedLauncherIdentifier = "Xcode.DebuggerFoundation.Launcher.LLDB"
      launchStyle = "0"
      useCustomWorkingDirectory = "YES"
      customWorkingDirectory = "~/Documents/hcii/HMM"
      ignoresPersistentStateOnLaunch = "NO"
      debugDocumentVersioning = "YES"
      debugServiceExtension = "internal"
      allowLocationSimulation = "NO">
      <BuildableProductRunnable
         runnableDebuggingMode = "0">
         <BuildableReference
            BuildableIdentifier = "primary"
            BlueprintIdentifier = "71C4F31523CFB648006A8DDD"
            BuildableName = "trainhmmst"
            BlueprintName = "trainhmmst"
            ReferencedContainer = "container:HMM.xcodeproj">
         </BuildableReference>
      </BuildableProductRunnable>
      <CommandLineArguments>
         <CommandLineArgument
            argument = "-s"
            isEnabled = "YES">
         </CommandLineArgument>
         <CommandLineArgument
            argument = "14.4"
            isEnabled = "YES">
         </CommandLineArgument>
         <CommandLineArgument
            argument = "-0"
            isEnabled = "NO">
         </CommandLineArgument>
         <CommandLineArgument
            argument = "0.5,1.0,0.4,0.8,0.2"
            isEnabled = "NO">
         </CommandLineArgument>
         <CommandLineArgument
            argument = "-m"
            isEnabled = "YES">
         </CommandLineArgument>
         <CommandLineArgument
            argument = "1"
            isEnabled = "YES">
         </CommandLineArgument>
         <CommandLineArgument
            argument = "-p"
            isEnabled = "YES">
         </CommandLineArgument>
         <CommandLineArgument
            argument = "2"
            isEnabled = "YES">
         </CommandLineArgument>
         <CommandLineArgument
            argument = "-e"
            isEnabled = "YES">
         </CommandLineArgument>
         <CommandLineArgument
            argument = "0.01"
            isEnabled = "YES">
         </CommandLineArgument>
         <CommandLineArgument
            argument = "-c"
            isEnabled = "NO">
         </CommandLineArgument>
         <CommandLineArgument
            argument = "0.0,0.0,0.0,0.0,0.0,0.0,0.0,0.0,0.0,0.0,0.0,0.2,0.5,0.5,0.5,0.5,0.5,0.5,0.5,0.5,0.5,0.5"
            isEnabled = "NO">
         </CommandLineArgument>
         <CommandLineArgument
            argument = "-R"
            isEnabled = "NO">
         </CommandLineArgument>
         <CommandLineArgument
            argument = "1"
            isEnabled = "NO">
         </CommandLineArgument>
         <CommandLineArgument
            argument = "-d"
            isEnabled = "YES">
         </CommandLineArgument>
         <CommandLineArgument
            argument = "~"
            isEnabled = "YES">
         </CommandLineArgument>
         <CommandLineArgument
            argument = "-q"
            isEnabled = "YES">
         </CommandLineArgument>
         <CommandLineArgument
            argument = "0"
            isEnabled = "YES">
         </CommandLineArgument>
         <CommandLineArgument
            argument = "-k"
            isEnabled = "YES">
         </CommandLineArgument>
         <CommandLineArgument
            argument = "1,7,0.03"
            isEnabled = "YES">
         </CommandLineArgument>
         <CommandLineArgument
            argument = "-b"
            isEnabled = "YES">
         </CommandLineArgument>
         <CommandLineArgument
            argument = "0"
            isEnabled = "YES">
         </CommandLineArgument>
         <CommandLineArgument
            argument = "d/a89__datahmm__all__H500K.txt"
            isEnabled = "NO">
         </CommandLineArgument>
         <CommandLineArgument
            argument = "d/a89__datahmm__all__H500K.bin"
            isEnabled = "NO">
         </CommandLineArgument>
         <CommandLineArgument
            argument = "d/b89__datahmm__all0_H500K.bin"
            isEnabled = "NO">
         </CommandLineArgument>
         <CommandLineArgument
            argument = "d/a89__datahmm__all.txt"
            isEnabled = "YES">
         </CommandLineArgument>
         <CommandLineArgument
            argument = "/Users/myudelson/Documents/conferences/2021-Elo-infusion/data/produced/a89__datahmm__run1fold0.txt"
            isEnabled = "NO">
         </CommandLineArgument>
         <CommandLineArgument
            argument = "model.txt"
            isEnabled = "YES">
         </CommandLineArgument>
         <CommandLineArgument
            argument = "/Users/myudelson/Documents/conferences/2021-Elo-infusion/model/a89__modelhmm__run1fold0__DIRECT_K__scope7__step0__solver14.4.txt"
            isEnabled = "NO">
         </CommandLineArgument>
         <CommandLineArgument
            argument = "predict.txt"
            isEnabled = "YES">
         </CommandLineArgument>
      </CommandLineArguments>
      <LocationScenarioReference
         identifier = "com.apple.dt.IDEFoundation.CurrentLocationScenarioIdentifier"
         referenceType = "1">
      </LocationScenarioReference>
   </LaunchAction>
   <ProfileAction
      buildConfiguration = "Release"
      shouldUseLaunchSchemeArgsEnv = "YES"
      savedToolIdentifier = ""
      useCustomWorkingDirectory = "NO"
      debugDocumentVersioning = "YES">
   </ProfileAction>
   <AnalyzeAction
      buildConfiguration = "Debug">
   </AnalyzeAction>
   <ArchiveAction
      buildConfiguration = "Release"
      revealArchiveInOrganizer = "YES">
   </ArchiveAction>
</Scheme>
